
Microsoft Visual Studio Solution File, Format Version 12.00
# Visual Studio 15
VisualStudioVersion = 15.0.26228.9
MinimumVisualStudioVersion = 10.0.40219.1
Project("{FAE04EC0-301F-11D3-BF4B-00C04F79EFBC}") = "XamUBlobDemo.Android", "XamUBlobDemo\XamUBlobDemo.Android\XamUBlobDemo.Android.csproj", "{C41DEF11-8F13-4F33-8A83-461054DB4123}"
EndProject
Project("{FAE04EC0-301F-11D3-BF4B-00C04F79EFBC}") = "XamUBlobDemo", "XamUBlobDemo\XamUBlobDemo\XamUBlobDemo.csproj", "{0FA6E3C5-A5D1-4A55-BBC8-CF4EEF09D6E7}"
EndProject
Project("{FAE04EC0-301F-11D3-BF4B-00C04F79EFBC}") = "XamUBlobDemo.UWP", "XamUBlobDemo\XamUBlobDemo.UWP\XamUBlobDemo.UWP.csproj", "{E92283CD-A401-4BBE-AAB3-ACBB54EF1DDD}"
EndProject
Project("{FAE04EC0-301F-11D3-BF4B-00C04F79EFBC}") = "XamUBlobDemo.iOS", "XamUBlobDemo\XamUBlobDemo.iOS\XamUBlobDemo.iOS.csproj", "{C9898344-53E0-4B8A-B6C6-73FF4CF1BC22}"
EndProject
Global
	GlobalSection(SolutionConfigurationPlatforms) = preSolution
		Ad-Hoc|Any CPU = Ad-Hoc|Any CPU
		Ad-Hoc|ARM = Ad-Hoc|ARM
		Ad-Hoc|iPhone = Ad-Hoc|iPhone
		Ad-Hoc|iPhoneSimulator = Ad-Hoc|iPhoneSimulator
		Ad-Hoc|x64 = Ad-Hoc|x64
		Ad-Hoc|x86 = Ad-Hoc|x86
		AppStore|Any CPU = AppStore|Any CPU
		AppStore|ARM = AppStore|ARM
		AppStore|iPhone = AppStore|iPhone
		AppStore|iPhoneSimulator = AppStore|iPhoneSimulator
		AppStore|x64 = AppStore|x64
		AppStore|x86 = AppStore|x86
		Debug|Any CPU = Debug|Any CPU
		Debug|ARM = Debug|ARM
		Debug|iPhone = Debug|iPhone
		Debug|iPhoneSimulator = Debug|iPhoneSimulator
		Debug|x64 = Debug|x64
		Debug|x86 = Debug|x86
		Release|Any CPU = Release|Any CPU
		Release|ARM = Release|ARM
		Release|iPhone = Release|iPhone
		Release|iPhoneSimulator = Release|iPhoneSimulator
		Release|x64 = Release|x64
		Release|x86 = Release|x86
	EndGlobalSection
	GlobalSection(ProjectConfigurationPlatforms) = postSolution
		{C41DEF11-8F13-4F33-8A83-461054DB4123}.Ad-Hoc|Any CPU.ActiveCfg = Release|Any CPU
		{C41DEF11-8F13-4F33-8A83-461054DB4123}.Ad-Hoc|Any CPU.Build.0 = Release|Any CPU
		{C41DEF11-8F13-4F33-8A83-461054DB4123}.Ad-Hoc|Any CPU.Deploy.0 = Release|Any CPU
		{C41DEF11-8F13-4F33-8A83-461054DB4123}.Ad-Hoc|ARM.ActiveCfg = Release|Any CPU
		{C41DEF11-8F13-4F33-8A83-461054DB4123}.Ad-Hoc|ARM.Build.0 = Release|Any CPU
		{C41DEF11-8F13-4F33-8A83-461054DB4123}.Ad-Hoc|ARM.Deploy.0 = Release|Any CPU
		{C41DEF11-8F13-4F33-8A83-461054DB4123}.Ad-Hoc|iPhone.ActiveCfg = Release|Any CPU
		{C41DEF11-8F13-4F33-8A83-461054DB4123}.Ad-Hoc|iPhone.Build.0 = Release|Any CPU
		{C41DEF11-8F13-4F33-8A83-461054DB4123}.Ad-Hoc|iPhone.Deploy.0 = Release|Any CPU
		{C41DEF11-8F13-4F33-8A83-461054DB4123}.Ad-Hoc|iPhoneSimulator.ActiveCfg = Release|Any CPU
		{C41DEF11-8F13-4F33-8A83-461054DB4123}.Ad-Hoc|iPhoneSimulator.Build.0 = Release|Any CPU
		{C41DEF11-8F13-4F33-8A83-461054DB4123}.Ad-Hoc|iPhoneSimulator.Deploy.0 = Release|Any CPU
		{C41DEF11-8F13-4F33-8A83-461054DB4123}.Ad-Hoc|x64.ActiveCfg = Release|Any CPU
		{C41DEF11-8F13-4F33-8A83-461054DB4123}.Ad-Hoc|x64.Build.0 = Release|Any CPU
		{C41DEF11-8F13-4F33-8A83-461054DB4123}.Ad-Hoc|x64.Deploy.0 = Release|Any CPU
		{C41DEF11-8F13-4F33-8A83-461054DB4123}.Ad-Hoc|x86.ActiveCfg = Release|Any CPU
		{C41DEF11-8F13-4F33-8A83-461054DB4123}.Ad-Hoc|x86.Build.0 = Release|Any CPU
		{C41DEF11-8F13-4F33-8A83-461054DB4123}.Ad-Hoc|x86.Deploy.0 = Release|Any CPU
		{C41DEF11-8F13-4F33-8A83-461054DB4123}.AppStore|Any CPU.ActiveCfg = Release|Any CPU
		{C41DEF11-8F13-4F33-8A83-461054DB4123}.AppStore|Any CPU.Build.0 = Release|Any CPU
		{C41DEF11-8F13-4F33-8A83-461054DB4123}.AppStore|Any CPU.Deploy.0 = Release|Any CPU
		{C41DEF11-8F13-4F33-8A83-461054DB4123}.AppStore|ARM.ActiveCfg = Release|Any CPU
		{C41DEF11-8F13-4F33-8A83-461054DB4123}.AppStore|ARM.Build.0 = Release|Any CPU
		{C41DEF11-8F13-4F33-8A83-461054DB4123}.AppStore|ARM.Deploy.0 = Release|Any CPU
		{C41DEF11-8F13-4F33-8A83-461054DB4123}.AppStore|iPhone.ActiveCfg = Release|Any CPU
		{C41DEF11-8F13-4F33-8A83-461054DB4123}.AppStore|iPhone.Build.0 = Release|Any CPU
		{C41DEF11-8F13-4F33-8A83-461054DB4123}.AppStore|iPhone.Deploy.0 = Release|Any CPU
		{C41DEF11-8F13-4F33-8A83-461054DB4123}.AppStore|iPhoneSimulator.ActiveCfg = Release|Any CPU
		{C41DEF11-8F13-4F33-8A83-461054DB4123}.AppStore|iPhoneSimulator.Build.0 = Release|Any CPU
		{C41DEF11-8F13-4F33-8A83-461054DB4123}.AppStore|iPhoneSimulator.Deploy.0 = Release|Any CPU
		{C41DEF11-8F13-4F33-8A83-461054DB4123}.AppStore|x64.ActiveCfg = Release|Any CPU
		{C41DEF11-8F13-4F33-8A83-461054DB4123}.AppStore|x64.Build.0 = Release|Any CPU
		{C41DEF11-8F13-4F33-8A83-461054DB4123}.AppStore|x64.Deploy.0 = Release|Any CPU
		{C41DEF11-8F13-4F33-8A83-461054DB4123}.AppStore|x86.ActiveCfg = Release|Any CPU
		{C41DEF11-8F13-4F33-8A83-461054DB4123}.AppStore|x86.Build.0 = Release|Any CPU
		{C41DEF11-8F13-4F33-8A83-461054DB4123}.AppStore|x86.Deploy.0 = Release|Any CPU
		{C41DEF11-8F13-4F33-8A83-461054DB4123}.Debug|Any CPU.ActiveCfg = Debug|Any CPU
		{C41DEF11-8F13-4F33-8A83-461054DB4123}.Debug|Any CPU.Build.0 = Debug|Any CPU
		{C41DEF11-8F13-4F33-8A83-461054DB4123}.Debug|Any CPU.Deploy.0 = Debug|Any CPU
		{C41DEF11-8F13-4F33-8A83-461054DB4123}.Debug|ARM.ActiveCfg = Debug|Any CPU
		{C41DEF11-8F13-4F33-8A83-461054DB4123}.Debug|ARM.Build.0 = Debug|Any CPU
		{C41DEF11-8F13-4F33-8A83-461054DB4123}.Debug|ARM.Deploy.0 = Debug|Any CPU
		{C41DEF11-8F13-4F33-8A83-461054DB4123}.Debug|iPhone.ActiveCfg = Debug|Any CPU
		{C41DEF11-8F13-4F33-8A83-461054DB4123}.Debug|iPhone.Build.0 = Debug|Any CPU
		{C41DEF11-8F13-4F33-8A83-461054DB4123}.Debug|iPhone.Deploy.0 = Debug|Any CPU
		{C41DEF11-8F13-4F33-8A83-461054DB4123}.Debug|iPhoneSimulator.ActiveCfg = Debug|Any CPU
		{C41DEF11-8F13-4F33-8A83-461054DB4123}.Debug|iPhoneSimulator.Build.0 = Debug|Any CPU
		{C41DEF11-8F13-4F33-8A83-461054DB4123}.Debug|iPhoneSimulator.Deploy.0 = Debug|Any CPU
		{C41DEF11-8F13-4F33-8A83-461054DB4123}.Debug|x64.ActiveCfg = Debug|Any CPU
		{C41DEF11-8F13-4F33-8A83-461054DB4123}.Debug|x64.Build.0 = Debug|Any CPU
		{C41DEF11-8F13-4F33-8A83-461054DB4123}.Debug|x64.Deploy.0 = Debug|Any CPU
		{C41DEF11-8F13-4F33-8A83-461054DB4123}.Debug|x86.ActiveCfg = Debug|Any CPU
		{C41DEF11-8F13-4F33-8A83-461054DB4123}.Debug|x86.Build.0 = Debug|Any CPU
		{C41DEF11-8F13-4F33-8A83-461054DB4123}.Debug|x86.Deploy.0 = Debug|Any CPU
		{C41DEF11-8F13-4F33-8A83-461054DB4123}.Release|Any CPU.ActiveCfg = Release|Any CPU
		{C41DEF11-8F13-4F33-8A83-461054DB4123}.Release|Any CPU.Build.0 = Release|Any CPU
		{C41DEF11-8F13-4F33-8A83-461054DB4123}.Release|Any CPU.Deploy.0 = Release|Any CPU
		{C41DEF11-8F13-4F33-8A83-461054DB4123}.Release|ARM.ActiveCfg = Release|Any CPU
		{C41DEF11-8F13-4F33-8A83-461054DB4123}.Release|ARM.Build.0 = Release|Any CPU
		{C41DEF11-8F13-4F33-8A83-461054DB4123}.Release|ARM.Deploy.0 = Release|Any CPU
		{C41DEF11-8F13-4F33-8A83-461054DB4123}.Release|iPhone.ActiveCfg = Release|Any CPU
		{C41DEF11-8F13-4F33-8A83-461054DB4123}.Release|iPhone.Build.0 = Release|Any CPU
		{C41DEF11-8F13-4F33-8A83-461054DB4123}.Release|iPhone.Deploy.0 = Release|Any CPU
		{C41DEF11-8F13-4F33-8A83-461054DB4123}.Release|iPhoneSimulator.ActiveCfg = Release|Any CPU
		{C41DEF11-8F13-4F33-8A83-461054DB4123}.Release|iPhoneSimulator.Build.0 = Release|Any CPU
		{C41DEF11-8F13-4F33-8A83-461054DB4123}.Release|iPhoneSimulator.Deploy.0 = Release|Any CPU
		{C41DEF11-8F13-4F33-8A83-461054DB4123}.Release|x64.ActiveCfg = Release|Any CPU
		{C41DEF11-8F13-4F33-8A83-461054DB4123}.Release|x64.Build.0 = Release|Any CPU
		{C41DEF11-8F13-4F33-8A83-461054DB4123}.Release|x64.Deploy.0 = Release|Any CPU
		{C41DEF11-8F13-4F33-8A83-461054DB4123}.Release|x86.ActiveCfg = Release|Any CPU
		{C41DEF11-8F13-4F33-8A83-461054DB4123}.Release|x86.Build.0 = Release|Any CPU
		{C41DEF11-8F13-4F33-8A83-461054DB4123}.Release|x86.Deploy.0 = Release|Any CPU
		{0FA6E3C5-A5D1-4A55-BBC8-CF4EEF09D6E7}.Ad-Hoc|Any CPU.ActiveCfg = Release|Any CPU
		{0FA6E3C5-A5D1-4A55-BBC8-CF4EEF09D6E7}.Ad-Hoc|Any CPU.Build.0 = Release|Any CPU
		{0FA6E3C5-A5D1-4A55-BBC8-CF4EEF09D6E7}.Ad-Hoc|ARM.ActiveCfg = Release|Any CPU
		{0FA6E3C5-A5D1-4A55-BBC8-CF4EEF09D6E7}.Ad-Hoc|ARM.Build.0 = Release|Any CPU
		{0FA6E3C5-A5D1-4A55-BBC8-CF4EEF09D6E7}.Ad-Hoc|iPhone.ActiveCfg = Release|Any CPU
		{0FA6E3C5-A5D1-4A55-BBC8-CF4EEF09D6E7}.Ad-Hoc|iPhone.Build.0 = Release|Any CPU
		{0FA6E3C5-A5D1-4A55-BBC8-CF4EEF09D6E7}.Ad-Hoc|iPhoneSimulator.ActiveCfg = Release|Any CPU
		{0FA6E3C5-A5D1-4A55-BBC8-CF4EEF09D6E7}.Ad-Hoc|iPhoneSimulator.Build.0 = Release|Any CPU
		{0FA6E3C5-A5D1-4A55-BBC8-CF4EEF09D6E7}.Ad-Hoc|x64.ActiveCfg = Release|Any CPU
		{0FA6E3C5-A5D1-4A55-BBC8-CF4EEF09D6E7}.Ad-Hoc|x64.Build.0 = Release|Any CPU
		{0FA6E3C5-A5D1-4A55-BBC8-CF4EEF09D6E7}.Ad-Hoc|x86.ActiveCfg = Release|Any CPU
		{0FA6E3C5-A5D1-4A55-BBC8-CF4EEF09D6E7}.Ad-Hoc|x86.Build.0 = Release|Any CPU
		{0FA6E3C5-A5D1-4A55-BBC8-CF4EEF09D6E7}.AppStore|Any CPU.ActiveCfg = Release|Any CPU
		{0FA6E3C5-A5D1-4A55-BBC8-CF4EEF09D6E7}.AppStore|Any CPU.Build.0 = Release|Any CPU
		{0FA6E3C5-A5D1-4A55-BBC8-CF4EEF09D6E7}.AppStore|ARM.ActiveCfg = Release|Any CPU
		{0FA6E3C5-A5D1-4A55-BBC8-CF4EEF09D6E7}.AppStore|ARM.Build.0 = Release|Any CPU
		{0FA6E3C5-A5D1-4A55-BBC8-CF4EEF09D6E7}.AppStore|iPhone.ActiveCfg = Release|Any CPU
		{0FA6E3C5-A5D1-4A55-BBC8-CF4EEF09D6E7}.AppStore|iPhone.Build.0 = Release|Any CPU
		{0FA6E3C5-A5D1-4A55-BBC8-CF4EEF09D6E7}.AppStore|iPhoneSimulator.ActiveCfg = Release|Any CPU
		{0FA6E3C5-A5D1-4A55-BBC8-CF4EEF09D6E7}.AppStore|iPhoneSimulator.Build.0 = Release|Any CPU
		{0FA6E3C5-A5D1-4A55-BBC8-CF4EEF09D6E7}.AppStore|x64.ActiveCfg = Release|Any CPU
		{0FA6E3C5-A5D1-4A55-BBC8-CF4EEF09D6E7}.AppStore|x64.Build.0 = Release|Any CPU
		{0FA6E3C5-A5D1-4A55-BBC8-CF4EEF09D6E7}.AppStore|x86.ActiveCfg = Release|Any CPU
		{0FA6E3C5-A5D1-4A55-BBC8-CF4EEF09D6E7}.AppStore|x86.Build.0 = Release|Any CPU
		{0FA6E3C5-A5D1-4A55-BBC8-CF4EEF09D6E7}.Debug|Any CPU.ActiveCfg = Debug|Any CPU
		{0FA6E3C5-A5D1-4A55-BBC8-CF4EEF09D6E7}.Debug|Any CPU.Build.0 = Debug|Any CPU
		{0FA6E3C5-A5D1-4A55-BBC8-CF4EEF09D6E7}.Debug|ARM.ActiveCfg = Debug|Any CPU
		{0FA6E3C5-A5D1-4A55-BBC8-CF4EEF09D6E7}.Debug|ARM.Build.0 = Debug|Any CPU
		{0FA6E3C5-A5D1-4A55-BBC8-CF4EEF09D6E7}.Debug|iPhone.ActiveCfg = Debug|Any CPU
		{0FA6E3C5-A5D1-4A55-BBC8-CF4EEF09D6E7}.Debug|iPhone.Build.0 = Debug|Any CPU
		{0FA6E3C5-A5D1-4A55-BBC8-CF4EEF09D6E7}.Debug|iPhoneSimulator.ActiveCfg = Debug|Any CPU
		{0FA6E3C5-A5D1-4A55-BBC8-CF4EEF09D6E7}.Debug|iPhoneSimulator.Build.0 = Debug|Any CPU
		{0FA6E3C5-A5D1-4A55-BBC8-CF4EEF09D6E7}.Debug|x64.ActiveCfg = Debug|Any CPU
		{0FA6E3C5-A5D1-4A55-BBC8-CF4EEF09D6E7}.Debug|x64.Build.0 = Debug|Any CPU
		{0FA6E3C5-A5D1-4A55-BBC8-CF4EEF09D6E7}.Debug|x86.ActiveCfg = Debug|Any CPU
		{0FA6E3C5-A5D1-4A55-BBC8-CF4EEF09D6E7}.Debug|x86.Build.0 = Debug|Any CPU
		{0FA6E3C5-A5D1-4A55-BBC8-CF4EEF09D6E7}.Release|Any CPU.ActiveCfg = Release|Any CPU
		{0FA6E3C5-A5D1-4A55-BBC8-CF4EEF09D6E7}.Release|Any CPU.Build.0 = Release|Any CPU
		{0FA6E3C5-A5D1-4A55-BBC8-CF4EEF09D6E7}.Release|ARM.ActiveCfg = Release|Any CPU
		{0FA6E3C5-A5D1-4A55-BBC8-CF4EEF09D6E7}.Release|ARM.Build.0 = Release|Any CPU
		{0FA6E3C5-A5D1-4A55-BBC8-CF4EEF09D6E7}.Release|iPhone.ActiveCfg = Release|Any CPU
		{0FA6E3C5-A5D1-4A55-BBC8-CF4EEF09D6E7}.Release|iPhone.Build.0 = Release|Any CPU
		{0FA6E3C5-A5D1-4A55-BBC8-CF4EEF09D6E7}.Release|iPhoneSimulator.ActiveCfg = Release|Any CPU
		{0FA6E3C5-A5D1-4A55-BBC8-CF4EEF09D6E7}.Release|iPhoneSimulator.Build.0 = Release|Any CPU
		{0FA6E3C5-A5D1-4A55-BBC8-CF4EEF09D6E7}.Release|x64.ActiveCfg = Release|Any CPU
		{0FA6E3C5-A5D1-4A55-BBC8-CF4EEF09D6E7}.Release|x64.Build.0 = Release|Any CPU
		{0FA6E3C5-A5D1-4A55-BBC8-CF4EEF09D6E7}.Release|x86.ActiveCfg = Release|Any CPU
		{0FA6E3C5-A5D1-4A55-BBC8-CF4EEF09D6E7}.Release|x86.Build.0 = Release|Any CPU
		{E92283CD-A401-4BBE-AAB3-ACBB54EF1DDD}.Ad-Hoc|Any CPU.ActiveCfg = Release|x86
		{E92283CD-A401-4BBE-AAB3-ACBB54EF1DDD}.Ad-Hoc|Any CPU.Build.0 = Release|x86
		{E92283CD-A401-4BBE-AAB3-ACBB54EF1DDD}.Ad-Hoc|Any CPU.Deploy.0 = Release|x86
		{E92283CD-A401-4BBE-AAB3-ACBB54EF1DDD}.Ad-Hoc|ARM.ActiveCfg = Release|ARM
		{E92283CD-A401-4BBE-AAB3-ACBB54EF1DDD}.Ad-Hoc|ARM.Build.0 = Release|ARM
		{E92283CD-A401-4BBE-AAB3-ACBB54EF1DDD}.Ad-Hoc|ARM.Deploy.0 = Release|ARM
		{E92283CD-A401-4BBE-AAB3-ACBB54EF1DDD}.Ad-Hoc|iPhone.ActiveCfg = Release|x86
		{E92283CD-A401-4BBE-AAB3-ACBB54EF1DDD}.Ad-Hoc|iPhone.Build.0 = Release|x86
		{E92283CD-A401-4BBE-AAB3-ACBB54EF1DDD}.Ad-Hoc|iPhone.Deploy.0 = Release|x86
		{E92283CD-A401-4BBE-AAB3-ACBB54EF1DDD}.Ad-Hoc|iPhoneSimulator.ActiveCfg = Release|x86
		{E92283CD-A401-4BBE-AAB3-ACBB54EF1DDD}.Ad-Hoc|iPhoneSimulator.Build.0 = Release|x86
		{E92283CD-A401-4BBE-AAB3-ACBB54EF1DDD}.Ad-Hoc|iPhoneSimulator.Deploy.0 = Release|x86
		{E92283CD-A401-4BBE-AAB3-ACBB54EF1DDD}.Ad-Hoc|x64.ActiveCfg = Release|x64
		{E92283CD-A401-4BBE-AAB3-ACBB54EF1DDD}.Ad-Hoc|x64.Build.0 = Release|x64
		{E92283CD-A401-4BBE-AAB3-ACBB54EF1DDD}.Ad-Hoc|x64.Deploy.0 = Release|x64
		{E92283CD-A401-4BBE-AAB3-ACBB54EF1DDD}.Ad-Hoc|x86.ActiveCfg = Release|x86
		{E92283CD-A401-4BBE-AAB3-ACBB54EF1DDD}.Ad-Hoc|x86.Build.0 = Release|x86
		{E92283CD-A401-4BBE-AAB3-ACBB54EF1DDD}.Ad-Hoc|x86.Deploy.0 = Release|x86
		{E92283CD-A401-4BBE-AAB3-ACBB54EF1DDD}.AppStore|Any CPU.ActiveCfg = Release|x86
		{E92283CD-A401-4BBE-AAB3-ACBB54EF1DDD}.AppStore|Any CPU.Build.0 = Release|x86
		{E92283CD-A401-4BBE-AAB3-ACBB54EF1DDD}.AppStore|Any CPU.Deploy.0 = Release|x86
		{E92283CD-A401-4BBE-AAB3-ACBB54EF1DDD}.AppStore|ARM.ActiveCfg = Release|ARM
		{E92283CD-A401-4BBE-AAB3-ACBB54EF1DDD}.AppStore|ARM.Build.0 = Release|ARM
		{E92283CD-A401-4BBE-AAB3-ACBB54EF1DDD}.AppStore|ARM.Deploy.0 = Release|ARM
		{E92283CD-A401-4BBE-AAB3-ACBB54EF1DDD}.AppStore|iPhone.ActiveCfg = Release|x86
		{E92283CD-A401-4BBE-AAB3-ACBB54EF1DDD}.AppStore|iPhone.Build.0 = Release|x86
		{E92283CD-A401-4BBE-AAB3-ACBB54EF1DDD}.AppStore|iPhone.Deploy.0 = Release|x86
		{E92283CD-A401-4BBE-AAB3-ACBB54EF1DDD}.AppStore|iPhoneSimulator.ActiveCfg = Release|x86
		{E92283CD-A401-4BBE-AAB3-ACBB54EF1DDD}.AppStore|iPhoneSimulator.Build.0 = Release|x86
		{E92283CD-A401-4BBE-AAB3-ACBB54EF1DDD}.AppStore|iPhoneSimulator.Deploy.0 = Release|x86
		{E92283CD-A401-4BBE-AAB3-ACBB54EF1DDD}.AppStore|x64.ActiveCfg = Release|x64
		{E92283CD-A401-4BBE-AAB3-ACBB54EF1DDD}.AppStore|x64.Build.0 = Release|x64
		{E92283CD-A401-4BBE-AAB3-ACBB54EF1DDD}.AppStore|x64.Deploy.0 = Release|x64
		{E92283CD-A401-4BBE-AAB3-ACBB54EF1DDD}.AppStore|x86.ActiveCfg = Release|x86
		{E92283CD-A401-4BBE-AAB3-ACBB54EF1DDD}.AppStore|x86.Build.0 = Release|x86
		{E92283CD-A401-4BBE-AAB3-ACBB54EF1DDD}.AppStore|x86.Deploy.0 = Release|x86
		{E92283CD-A401-4BBE-AAB3-ACBB54EF1DDD}.Debug|Any CPU.ActiveCfg = Debug|ARM
		{E92283CD-A401-4BBE-AAB3-ACBB54EF1DDD}.Debug|Any CPU.Build.0 = Debug|ARM
		{E92283CD-A401-4BBE-AAB3-ACBB54EF1DDD}.Debug|Any CPU.Deploy.0 = Debug|ARM
		{E92283CD-A401-4BBE-AAB3-ACBB54EF1DDD}.Debug|ARM.ActiveCfg = Debug|ARM
		{E92283CD-A401-4BBE-AAB3-ACBB54EF1DDD}.Debug|ARM.Build.0 = Debug|ARM
		{E92283CD-A401-4BBE-AAB3-ACBB54EF1DDD}.Debug|ARM.Deploy.0 = Debug|ARM
		{E92283CD-A401-4BBE-AAB3-ACBB54EF1DDD}.Debug|iPhone.ActiveCfg = Debug|x86
		{E92283CD-A401-4BBE-AAB3-ACBB54EF1DDD}.Debug|iPhoneSimulator.ActiveCfg = Debug|x86
		{E92283CD-A401-4BBE-AAB3-ACBB54EF1DDD}.Debug|x64.ActiveCfg = Debug|x64
		{E92283CD-A401-4BBE-AAB3-ACBB54EF1DDD}.Debug|x64.Build.0 = Debug|x64
		{E92283CD-A401-4BBE-AAB3-ACBB54EF1DDD}.Debug|x64.Deploy.0 = Debug|x64
		{E92283CD-A401-4BBE-AAB3-ACBB54EF1DDD}.Debug|x86.ActiveCfg = Debug|x86
		{E92283CD-A401-4BBE-AAB3-ACBB54EF1DDD}.Debug|x86.Build.0 = Debug|x86
		{E92283CD-A401-4BBE-AAB3-ACBB54EF1DDD}.Debug|x86.Deploy.0 = Debug|x86
		{E92283CD-A401-4BBE-AAB3-ACBB54EF1DDD}.Release|Any CPU.ActiveCfg = Release|x86
		{E92283CD-A401-4BBE-AAB3-ACBB54EF1DDD}.Release|ARM.ActiveCfg = Release|ARM
		{E92283CD-A401-4BBE-AAB3-ACBB54EF1DDD}.Release|ARM.Build.0 = Release|ARM
		{E92283CD-A401-4BBE-AAB3-ACBB54EF1DDD}.Release|ARM.Deploy.0 = Release|ARM
		{E92283CD-A401-4BBE-AAB3-ACBB54EF1DDD}.Release|iPhone.ActiveCfg = Release|x86
		{E92283CD-A401-4BBE-AAB3-ACBB54EF1DDD}.Release|iPhoneSimulator.ActiveCfg = Release|x86
		{E92283CD-A401-4BBE-AAB3-ACBB54EF1DDD}.Release|x64.ActiveCfg = Release|x64
		{E92283CD-A401-4BBE-AAB3-ACBB54EF1DDD}.Release|x64.Build.0 = Release|x64
		{E92283CD-A401-4BBE-AAB3-ACBB54EF1DDD}.Release|x64.Deploy.0 = Release|x64
		{E92283CD-A401-4BBE-AAB3-ACBB54EF1DDD}.Release|x86.ActiveCfg = Release|x86
		{E92283CD-A401-4BBE-AAB3-ACBB54EF1DDD}.Release|x86.Build.0 = Release|x86
		{E92283CD-A401-4BBE-AAB3-ACBB54EF1DDD}.Release|x86.Deploy.0 = Release|x86
		{C9898344-53E0-4B8A-B6C6-73FF4CF1BC22}.Ad-Hoc|Any CPU.ActiveCfg = Ad-Hoc|iPhone
		{C9898344-53E0-4B8A-B6C6-73FF4CF1BC22}.Ad-Hoc|ARM.ActiveCfg = Ad-Hoc|iPhone
		{C9898344-53E0-4B8A-B6C6-73FF4CF1BC22}.Ad-Hoc|iPhone.ActiveCfg = Ad-Hoc|iPhone
		{C9898344-53E0-4B8A-B6C6-73FF4CF1BC22}.Ad-Hoc|iPhone.Build.0 = Ad-Hoc|iPhone
		{C9898344-53E0-4B8A-B6C6-73FF4CF1BC22}.Ad-Hoc|iPhoneSimulator.ActiveCfg = Ad-Hoc|iPhoneSimulator
		{C9898344-53E0-4B8A-B6C6-73FF4CF1BC22}.Ad-Hoc|iPhoneSimulator.Build.0 = Ad-Hoc|iPhoneSimulator
		{C9898344-53E0-4B8A-B6C6-73FF4CF1BC22}.Ad-Hoc|x64.ActiveCfg = Ad-Hoc|iPhone
		{C9898344-53E0-4B8A-B6C6-73FF4CF1BC22}.Ad-Hoc|x86.ActiveCfg = Ad-Hoc|iPhone
		{C9898344-53E0-4B8A-B6C6-73FF4CF1BC22}.AppStore|Any CPU.ActiveCfg = AppStore|iPhone
		{C9898344-53E0-4B8A-B6C6-73FF4CF1BC22}.AppStore|ARM.ActiveCfg = AppStore|iPhone
		{C9898344-53E0-4B8A-B6C6-73FF4CF1BC22}.AppStore|iPhone.ActiveCfg = AppStore|iPhone
		{C9898344-53E0-4B8A-B6C6-73FF4CF1BC22}.AppStore|iPhone.Build.0 = AppStore|iPhone
		{C9898344-53E0-4B8A-B6C6-73FF4CF1BC22}.AppStore|iPhoneSimulator.ActiveCfg = AppStore|iPhoneSimulator
		{C9898344-53E0-4B8A-B6C6-73FF4CF1BC22}.AppStore|iPhoneSimulator.Build.0 = AppStore|iPhoneSimulator
		{C9898344-53E0-4B8A-B6C6-73FF4CF1BC22}.AppStore|x64.ActiveCfg = AppStore|iPhone
		{C9898344-53E0-4B8A-B6C6-73FF4CF1BC22}.AppStore|x86.ActiveCfg = AppStore|iPhone
		{C9898344-53E0-4B8A-B6C6-73FF4CF1BC22}.Debug|Any CPU.ActiveCfg = Debug|iPhone
		{C9898344-53E0-4B8A-B6C6-73FF4CF1BC22}.Debug|Any CPU.Build.0 = Debug|iPhone
		{C9898344-53E0-4B8A-B6C6-73FF4CF1BC22}.Debug|ARM.ActiveCfg = Debug|iPhone
		{C9898344-53E0-4B8A-B6C6-73FF4CF1BC22}.Debug|iPhone.ActiveCfg = Debug|iPhone
		{C9898344-53E0-4B8A-B6C6-73FF4CF1BC22}.Debug|iPhone.Build.0 = Debug|iPhone
		{C9898344-53E0-4B8A-B6C6-73FF4CF1BC22}.Debug|iPhoneSimulator.ActiveCfg = Debug|iPhoneSimulator
		{C9898344-53E0-4B8A-B6C6-73FF4CF1BC22}.Debug|iPhoneSimulator.Build.0 = Debug|iPhoneSimulator
		{C9898344-53E0-4B8A-B6C6-73FF4CF1BC22}.Debug|x64.ActiveCfg = Debug|iPhone
		{C9898344-53E0-4B8A-B6C6-73FF4CF1BC22}.Debug|x86.ActiveCfg = Debug|iPhone
		{C9898344-53E0-4B8A-B6C6-73FF4CF1BC22}.Release|Any CPU.ActiveCfg = Release|iPhone
		{C9898344-53E0-4B8A-B6C6-73FF4CF1BC22}.Release|ARM.ActiveCfg = Release|iPhone
		{C9898344-53E0-4B8A-B6C6-73FF4CF1BC22}.Release|iPhone.ActiveCfg = Release|iPhone
		{C9898344-53E0-4B8A-B6C6-73FF4CF1BC22}.Release|iPhone.Build.0 = Release|iPhone
		{C9898344-53E0-4B8A-B6C6-73FF4CF1BC22}.Release|iPhoneSimulator.ActiveCfg = Release|iPhoneSimulator
		{C9898344-53E0-4B8A-B6C6-73FF4CF1BC22}.Release|iPhoneSimulator.Build.0 = Release|iPhoneSimulator
		{C9898344-53E0-4B8A-B6C6-73FF4CF1BC22}.Release|x64.ActiveCfg = Release|iPhone
		{C9898344-53E0-4B8A-B6C6-73FF4CF1BC22}.Release|x86.ActiveCfg = Release|iPhone
	EndGlobalSection
	GlobalSection(SolutionProperties) = preSolution
		HideSolutionNode = FALSE
	EndGlobalSection
EndGlobal
